# Auto-generated by Incan - do not edit manually
# Regenerate with: incan lock

[incan]
format = 2
incan-version = "0.5.0-rc2"
deps-fingerprint = "sha256:24485f9f78148ecca6f7e4540590948de61eb58c6424b16af1d50d36646d86fa"
cargo-features = []
cargo-no-default-features = false
cargo-all-features = false

[[semantic.workspace_members]]
member_root = ""

[[semantic.workspace_members.packages]]
package = "hees_ai"
project_root = ""
active_features = []
active_optional_dependencies = []
required_sdk_components = []

[semantic.workspace_members.packages.dependency_features]

[[semantic.workspace_members]]
member_root = "examples/minimal_governed_agent"

[[semantic.workspace_members.packages]]
package = "hees_ai"
project_root = ""
active_features = []
active_optional_dependencies = []
required_sdk_components = []

[semantic.workspace_members.packages.dependency_features]

[[semantic.workspace_members.packages]]
package = "minimal_governed_agent"
project_root = "examples/minimal_governed_agent"
active_features = []
active_optional_dependencies = []
required_sdk_components = []

[semantic.workspace_members.packages.dependency_features]

[[semantic.workspace_members.feature_edges]]
from = "examples/minimal_governed_agent"
dependency_key = "hees_ai"
to = ""
requested_features = []
default_features = true
optional = false

[[semantic.workspace_members.providers]]
identity = "hees_ai@0.0.1#sha256:55951645bacb3d8d4ada6fb85439e94804a3da47ea07fa38e9eeef9140653852[]"
participation = "enabled"
namespace_claims = [["pub", "hees_ai", "console_profile"], ["pub", "hees_ai", "console_profile_artifacts"], ["pub", "hees_ai", "console_profile_evaluation"], ["pub", "hees_ai", "console_profile_identity"], ["pub", "hees_ai", "console_profile_models"], ["pub", "hees_ai", "console_profile_observations"], ["pub", "hees_ai", "console_profile_planning"], ["pub", "hees_ai", "console_profile_validation"], ["pub", "hees_ai", "content_dna"], ["pub", "hees_ai", "governed_continuity"], ["pub", "hees_ai", "governed_memory_operations"], ["pub", "hees_ai", "governed_profile"], ["pub", "hees_ai", "governed_profile_artifacts"], ["pub", "hees_ai", "governed_profile_committee"], ["pub", "hees_ai", "governed_profile_evaluation"], ["pub", "hees_ai", "governed_profile_identity"], ["pub", "hees_ai", "governed_profile_models"], ["pub", "hees_ai", "governed_profile_validation"], ["pub", "hees_ai", "identifiers"], ["pub", "hees_ai", "package_loader"], ["pub", "hees_ai", "runtime"]]
used_modules = []
implementation_facets = []
backend_requirements = []

[[semantic.workspace_members]]
member_root = "workspaces/external-consumer"

[[semantic.workspace_members.packages]]
package = "hees_ai"
project_root = ""
active_features = []
active_optional_dependencies = []
required_sdk_components = []

[semantic.workspace_members.packages.dependency_features]

[[semantic.workspace_members.packages]]
package = "hees_external_consumer"
project_root = "workspaces/external-consumer"
active_features = []
active_optional_dependencies = []
required_sdk_components = []

[semantic.workspace_members.packages.dependency_features]

[[semantic.workspace_members.feature_edges]]
from = "workspaces/external-consumer"
dependency_key = "hees_ai"
to = ""
requested_features = []
default_features = true
optional = false

[[semantic.workspace_members.providers]]
identity = "hees_ai@0.0.1#sha256:55951645bacb3d8d4ada6fb85439e94804a3da47ea07fa38e9eeef9140653852[]"
participation = "enabled"
namespace_claims = [["pub", "hees_ai", "console_profile"], ["pub", "hees_ai", "console_profile_artifacts"], ["pub", "hees_ai", "console_profile_evaluation"], ["pub", "hees_ai", "console_profile_identity"], ["pub", "hees_ai", "console_profile_models"], ["pub", "hees_ai", "console_profile_observations"], ["pub", "hees_ai", "console_profile_planning"], ["pub", "hees_ai", "console_profile_validation"], ["pub", "hees_ai", "content_dna"], ["pub", "hees_ai", "governed_continuity"], ["pub", "hees_ai", "governed_memory_operations"], ["pub", "hees_ai", "governed_profile"], ["pub", "hees_ai", "governed_profile_artifacts"], ["pub", "hees_ai", "governed_profile_committee"], ["pub", "hees_ai", "governed_profile_evaluation"], ["pub", "hees_ai", "governed_profile_identity"], ["pub", "hees_ai", "governed_profile_models"], ["pub", "hees_ai", "governed_profile_validation"], ["pub", "hees_ai", "identifiers"], ["pub", "hees_ai", "package_loader"], ["pub", "hees_ai", "runtime"]]
used_modules = []
implementation_facets = []
backend_requirements = []

[[semantic.workspace_members]]
member_root = "workspaces/hees-console"

[[semantic.workspace_members.packages]]
package = "hees_ai"
project_root = ""
active_features = []
active_optional_dependencies = []
required_sdk_components = []

[semantic.workspace_members.packages.dependency_features]

[[semantic.workspace_members.packages]]
package = "hees_console"
project_root = "workspaces/hees-console"
active_features = []
active_optional_dependencies = []
required_sdk_components = []

[semantic.workspace_members.packages.dependency_features]

[[semantic.workspace_members.feature_edges]]
from = "workspaces/hees-console"
dependency_key = "hees_ai"
to = ""
requested_features = []
default_features = true
optional = false

[[semantic.workspace_members.providers]]
identity = "hees_ai@0.0.1#sha256:55951645bacb3d8d4ada6fb85439e94804a3da47ea07fa38e9eeef9140653852[]"
participation = "enabled"
namespace_claims = [["pub", "hees_ai", "console_profile"], ["pub", "hees_ai", "console_profile_artifacts"], ["pub", "hees_ai", "console_profile_evaluation"], ["pub", "hees_ai", "console_profile_identity"], ["pub", "hees_ai", "console_profile_models"], ["pub", "hees_ai", "console_profile_observations"], ["pub", "hees_ai", "console_profile_planning"], ["pub", "hees_ai", "console_profile_validation"], ["pub", "hees_ai", "content_dna"], ["pub", "hees_ai", "governed_continuity"], ["pub", "hees_ai", "governed_memory_operations"], ["pub", "hees_ai", "governed_profile"], ["pub", "hees_ai", "governed_profile_artifacts"], ["pub", "hees_ai", "governed_profile_committee"], ["pub", "hees_ai", "governed_profile_evaluation"], ["pub", "hees_ai", "governed_profile_identity"], ["pub", "hees_ai", "governed_profile_models"], ["pub", "hees_ai", "governed_profile_validation"], ["pub", "hees_ai", "identifiers"], ["pub", "hees_ai", "package_loader"], ["pub", "hees_ai", "runtime"]]
used_modules = []
implementation_facets = []
backend_requirements = []

[[semantic.workspace_members]]
member_root = "workspaces/hees-console/contracts/domain/kernel_compatibility"

[[semantic.workspace_members.packages]]
package = "hees_ai"
project_root = ""
active_features = []
active_optional_dependencies = []
required_sdk_components = []

[semantic.workspace_members.packages.dependency_features]

[[semantic.workspace_members.packages]]
package = "console_kernel_compatibility"
project_root = "workspaces/hees-console/contracts/domain/kernel_compatibility"
active_features = []
active_optional_dependencies = []
required_sdk_components = []

[semantic.workspace_members.packages.dependency_features]

[[semantic.workspace_members.feature_edges]]
from = "workspaces/hees-console/contracts/domain/kernel_compatibility"
dependency_key = "hees_ai"
to = ""
requested_features = []
default_features = true
optional = false

[[semantic.workspace_members.providers]]
identity = "hees_ai@0.0.1#sha256:55951645bacb3d8d4ada6fb85439e94804a3da47ea07fa38e9eeef9140653852[]"
participation = "enabled"
namespace_claims = [["pub", "hees_ai", "console_profile"], ["pub", "hees_ai", "console_profile_artifacts"], ["pub", "hees_ai", "console_profile_evaluation"], ["pub", "hees_ai", "console_profile_identity"], ["pub", "hees_ai", "console_profile_models"], ["pub", "hees_ai", "console_profile_observations"], ["pub", "hees_ai", "console_profile_planning"], ["pub", "hees_ai", "console_profile_validation"], ["pub", "hees_ai", "content_dna"], ["pub", "hees_ai", "governed_continuity"], ["pub", "hees_ai", "governed_memory_operations"], ["pub", "hees_ai", "governed_profile"], ["pub", "hees_ai", "governed_profile_artifacts"], ["pub", "hees_ai", "governed_profile_committee"], ["pub", "hees_ai", "governed_profile_evaluation"], ["pub", "hees_ai", "governed_profile_identity"], ["pub", "hees_ai", "governed_profile_models"], ["pub", "hees_ai", "governed_profile_validation"], ["pub", "hees_ai", "identifiers"], ["pub", "hees_ai", "package_loader"], ["pub", "hees_ai", "runtime"]]
used_modules = []
implementation_facets = []
backend_requirements = []

[[semantic.workspace_members]]
member_root = "workspaces/hees-console/runner"

[[semantic.workspace_members.packages]]
package = "hees_ai"
project_root = ""
active_features = []
active_optional_dependencies = []
required_sdk_components = []

[semantic.workspace_members.packages.dependency_features]

[[semantic.workspace_members.packages]]
package = "hees_runner"
project_root = "workspaces/hees-console/runner"
active_features = []
active_optional_dependencies = []
required_sdk_components = []

[semantic.workspace_members.packages.dependency_features]

[[semantic.workspace_members.feature_edges]]
from = "workspaces/hees-console/runner"
dependency_key = "hees_ai"
to = ""
requested_features = []
default_features = true
optional = false

[[semantic.workspace_members.providers]]
identity = "hees_ai@0.0.1#sha256:55951645bacb3d8d4ada6fb85439e94804a3da47ea07fa38e9eeef9140653852[]"
participation = "enabled"
namespace_claims = [["pub", "hees_ai", "console_profile"], ["pub", "hees_ai", "console_profile_artifacts"], ["pub", "hees_ai", "console_profile_evaluation"], ["pub", "hees_ai", "console_profile_identity"], ["pub", "hees_ai", "console_profile_models"], ["pub", "hees_ai", "console_profile_observations"], ["pub", "hees_ai", "console_profile_planning"], ["pub", "hees_ai", "console_profile_validation"], ["pub", "hees_ai", "content_dna"], ["pub", "hees_ai", "governed_continuity"], ["pub", "hees_ai", "governed_memory_operations"], ["pub", "hees_ai", "governed_profile"], ["pub", "hees_ai", "governed_profile_artifacts"], ["pub", "hees_ai", "governed_profile_committee"], ["pub", "hees_ai", "governed_profile_evaluation"], ["pub", "hees_ai", "governed_profile_identity"], ["pub", "hees_ai", "governed_profile_models"], ["pub", "hees_ai", "governed_profile_validation"], ["pub", "hees_ai", "identifiers"], ["pub", "hees_ai", "package_loader"], ["pub", "hees_ai", "runtime"]]
used_modules = []
implementation_facets = []
backend_requirements = []

[cargo]
lock = """
version = 4
"""
